{
  "name": "vita-simple-converter",
  "version": "0.3.36",
  "lockfileVersion": 1,
  "requires": true,
  "dependencies": {
    "fs": {
      "version": "0.0.1-security",
      "resolved": "https://registry.npmjs.org/fs/-/fs-0.0.1-security.tgz",
      "integrity": "sha1-invTcYa23d84E/I4WLV+yq9eQdQ="
    },
    "dding-fnv": {
      "version": "1.0.1",
      "resolved": "https://registry.npmjs.org/dding-fnv/-/dding-fnv-1.0.1.tgz",
      "integrity": "sha1-X1CBv/NBcdeUKg8cOwUSHYkBNJ4="
    }
  }
}
